// !$*UTF8*$!
{
	archiveVersion = 1;
	classes = {
	};
	objectVersion = 56;
	objects = {

/* Begin PBXBuildFile section */
		AM001 /* AgentsMonitorApp.swift in Sources */ = {isa = PBXBuildFile; fileRef = AMF001 /* AgentsMonitorApp.swift */; };
		AM002 /* ContentView.swift in Sources */ = {isa = PBXBuildFile; fileRef = AMF002 /* ContentView.swift */; };
		AM003 /* Session.swift in Sources */ = {isa = PBXBuildFile; fileRef = AMF003 /* Session.swift */; };
		AM004 /* Message.swift in Sources */ = {isa = PBXBuildFile; fileRef = AMF004 /* Message.swift */; };
		AM005 /* ToolCall.swift in Sources */ = {isa = PBXBuildFile; fileRef = AMF005 /* ToolCall.swift */; };
		AM006 /* AppState.swift in Sources */ = {isa = PBXBuildFile; fileRef = AMF006 /* AppState.swift */; };
		AM007 /* SessionStore.swift in Sources */ = {isa = PBXBuildFile; fileRef = AMF007 /* SessionStore.swift */; };
		AM008 /* AgentService.swift in Sources */ = {isa = PBXBuildFile; fileRef = AMF008 /* AgentService.swift */; };
		AM009 /* SessionListView.swift in Sources */ = {isa = PBXBuildFile; fileRef = AMF009 /* SessionListView.swift */; };
		AM010 /* SessionDetailView.swift in Sources */ = {isa = PBXBuildFile; fileRef = AMF010 /* SessionDetailView.swift */; };
		AM012 /* ToolCallsView.swift in Sources */ = {isa = PBXBuildFile; fileRef = AMF012 /* ToolCallsView.swift */; };
		AM013 /* MetricsView.swift in Sources */ = {isa = PBXBuildFile; fileRef = AMF013 /* MetricsView.swift */; };
		AM014 /* SettingsView.swift in Sources */ = {isa = PBXBuildFile; fileRef = AMF014 /* SettingsView.swift */; };
		AM015 /* MenuBarView.swift in Sources */ = {isa = PBXBuildFile; fileRef = AMF015 /* MenuBarView.swift */; };
		AM016 /* StatusBadge.swift in Sources */ = {isa = PBXBuildFile; fileRef = AMF016 /* StatusBadge.swift */; };
		AM018 /* Assets.xcassets in Resources */ = {isa = PBXBuildFile; fileRef = AMF018 /* Assets.xcassets */; };
		AM019 /* SessionPersistence.swift in Sources */ = {isa = PBXBuildFile; fileRef = AMF020 /* SessionPersistence.swift */; };
		AM020 /* Logger.swift in Sources */ = {isa = PBXBuildFile; fileRef = AMF021 /* Logger.swift */; };
		AM021 /* AppTheme.swift in Sources */ = {isa = PBXBuildFile; fileRef = AMF022 /* AppTheme.swift */; };
		AM022 /* AgentProcessManager.swift in Sources */ = {isa = PBXBuildFile; fileRef = AMF023 /* AgentProcessManager.swift */; };
		AM023 /* TerminalBridge.swift in Sources */ = {isa = PBXBuildFile; fileRef = AMF024 /* TerminalBridge.swift */; };
		AM024 /* TerminalView.swift in Sources */ = {isa = PBXBuildFile; fileRef = AMF025 /* TerminalView.swift */; };
		AM025 /* NewSessionSheet.swift in Sources */ = {isa = PBXBuildFile; fileRef = AMF026 /* NewSessionSheet.swift */; };
		AM026 /* TerminalThemes.swift in Sources */ = {isa = PBXBuildFile; fileRef = AMF027 /* TerminalThemes.swift */; };
		AM027 /* TerminalSettingsView.swift in Sources */ = {isa = PBXBuildFile; fileRef = AMF028 /* TerminalSettingsView.swift */; };
		AM028 /* Fonts in Resources */ = {isa = PBXBuildFile; fileRef = AMF029 /* Fonts */; };
		AM029 /* AppEnvironment.swift in Sources */ = {isa = PBXBuildFile; fileRef = AMF031 /* AppEnvironment.swift */; };
		AM030 /* SessionDebugView.swift in Sources */ = {isa = PBXBuildFile; fileRef = 00C61DF62F335A4F003FE5C1 /* SessionDebugView.swift */; };
		AM031 /* AppDelegate.swift in Sources */ = {isa = PBXBuildFile; fileRef = AMF032 /* AppDelegate.swift */; };
		AM033 /* StatusItemController.swift in Sources */ = {isa = PBXBuildFile; fileRef = AMF033 /* StatusItemController.swift */; };
		AMPKG001 /* SwiftTerm in Frameworks */ = {isa = PBXBuildFile; productRef = AMPKGREF001 /* SwiftTerm */; };
		AMTB001 /* SessionStoreTests.swift in Sources */ = {isa = PBXBuildFile; fileRef = AMTF001 /* SessionStoreTests.swift */; };
		AMTB002 /* AgentsMonitorMenuBarTests.swift in Sources */ = {isa = PBXBuildFile; fileRef = AMTF003 /* AgentsMonitorMenuBarTests.swift */; };
/* End PBXBuildFile section */

/* Begin PBXContainerItemProxy section */
		AMCIP001 /* PBXContainerItemProxy */ = {
			isa = PBXContainerItemProxy;
			containerPortal = AMPROJ /* Project object */;
			proxyType = 1;
			remoteGlobalIDString = AMT001;
			remoteInfo = AgentsMonitor;
		};
		AMCIP002 /* PBXContainerItemProxy */ = {
			isa = PBXContainerItemProxy;
			containerPortal = AMPROJ /* Project object */;
			proxyType = 1;
			remoteGlobalIDString = AMT001;
			remoteInfo = AgentsMonitor;
		};
/* End PBXContainerItemProxy section */

/* Begin PBXFileReference section */
		00C61DEC2F33475B003FE5C1 /* AppTheme.swift */ = {isa = PBXFileReference; lastKnownFileType = sourcecode.swift; path = AppTheme.swift; sourceTree = "<group>"; };
		00C61DF32F3347B7003FE5C1 /* TerminalThemes.swift */ = {isa = PBXFileReference; lastKnownFileType = sourcecode.swift; path = TerminalThemes.swift; sourceTree = "<group>"; };
		00C61DF42F3347E8003FE5C1 /* AgentProcessManager.swift */ = {isa = PBXFileReference; lastKnownFileType = sourcecode.swift; path = AgentProcessManager.swift; sourceTree = "<group>"; };
		00C61DF52F334835003FE5C1 /* BUILD_FIXES.md */ = {isa = PBXFileReference; lastKnownFileType = net.daringfireball.markdown; path = BUILD_FIXES.md; sourceTree = "<group>"; };
		00C61DF62F335A4F003FE5C1 /* SessionDebugView.swift */ = {isa = PBXFileReference; lastKnownFileType = sourcecode.swift; path = SessionDebugView.swift; sourceTree = "<group>"; };
		00C61DF72F335A7E003FE5C1 /* SESSION_LOADING_FIX.md */ = {isa = PBXFileReference; lastKnownFileType = net.daringfireball.markdown; path = SESSION_LOADING_FIX.md; sourceTree = "<group>"; };
		00C61DF82F336864003FE5C1 /* BUILD_VERIFICATION.md */ = {isa = PBXFileReference; lastKnownFileType = net.daringfireball.markdown; path = BUILD_VERIFICATION.md; sourceTree = "<group>"; };
		00C61DF92F3368A1003FE5C1 /* COMPLETE_BUILD_REPORT.md */ = {isa = PBXFileReference; lastKnownFileType = net.daringfireball.markdown; path = COMPLETE_BUILD_REPORT.md; sourceTree = "<group>"; };
		00C61DFA2F33A3D6003FE5C1 /* SESSION_DECODING_FIX.md */ = {isa = PBXFileReference; lastKnownFileType = net.daringfireball.markdown; path = SESSION_DECODING_FIX.md; sourceTree = "<group>"; };
		AMF001 /* AgentsMonitorApp.swift */ = {isa = PBXFileReference; lastKnownFileType = sourcecode.swift; path = AgentsMonitorApp.swift; sourceTree = "<group>"; };
		AMF002 /* ContentView.swift */ = {isa = PBXFileReference; lastKnownFileType = sourcecode.swift; path = ContentView.swift; sourceTree = "<group>"; };
		AMF003 /* Session.swift */ = {isa = PBXFileReference; lastKnownFileType = sourcecode.swift; path = Session.swift; sourceTree = "<group>"; };
		AMF004 /* Message.swift */ = {isa = PBXFileReference; lastKnownFileType = sourcecode.swift; path = Message.swift; sourceTree = "<group>"; };
		AMF005 /* ToolCall.swift */ = {isa = PBXFileReference; lastKnownFileType = sourcecode.swift; path = ToolCall.swift; sourceTree = "<group>"; };
		AMF006 /* AppState.swift */ = {isa = PBXFileReference; lastKnownFileType = sourcecode.swift; path = AppState.swift; sourceTree = "<group>"; };
		AMF007 /* SessionStore.swift */ = {isa = PBXFileReference; lastKnownFileType = sourcecode.swift; path = SessionStore.swift; sourceTree = "<group>"; };
		AMF008 /* AgentService.swift */ = {isa = PBXFileReference; lastKnownFileType = sourcecode.swift; path = AgentService.swift; sourceTree = "<group>"; };
		AMF009 /* SessionListView.swift */ = {isa = PBXFileReference; lastKnownFileType = sourcecode.swift; path = SessionListView.swift; sourceTree = "<group>"; };
		AMF010 /* SessionDetailView.swift */ = {isa = PBXFileReference; lastKnownFileType = sourcecode.swift; path = SessionDetailView.swift; sourceTree = "<group>"; };
		AMF012 /* ToolCallsView.swift */ = {isa = PBXFileReference; lastKnownFileType = sourcecode.swift; path = ToolCallsView.swift; sourceTree = "<group>"; };
		AMF013 /* MetricsView.swift */ = {isa = PBXFileReference; lastKnownFileType = sourcecode.swift; path = MetricsView.swift; sourceTree = "<group>"; };
		AMF014 /* SettingsView.swift */ = {isa = PBXFileReference; lastKnownFileType = sourcecode.swift; path = SettingsView.swift; sourceTree = "<group>"; };
		AMF015 /* MenuBarView.swift */ = {isa = PBXFileReference; lastKnownFileType = sourcecode.swift; path = MenuBarView.swift; sourceTree = "<group>"; };
		AMF016 /* StatusBadge.swift */ = {isa = PBXFileReference; lastKnownFileType = sourcecode.swift; path = StatusBadge.swift; sourceTree = "<group>"; };
		AMF018 /* Assets.xcassets */ = {isa = PBXFileReference; lastKnownFileType = folder.assetcatalog; path = Assets.xcassets; sourceTree = "<group>"; };
		AMF019 /* AgentsMonitor.app */ = {isa = PBXFileReference; explicitFileType = wrapper.application; includeInIndex = 0; path = AgentsMonitor.app; sourceTree = BUILT_PRODUCTS_DIR; };
		AMF020 /* SessionPersistence.swift */ = {isa = PBXFileReference; lastKnownFileType = sourcecode.swift; path = SessionPersistence.swift; sourceTree = "<group>"; };
		AMF021 /* Logger.swift */ = {isa = PBXFileReference; lastKnownFileType = sourcecode.swift; path = Logger.swift; sourceTree = "<group>"; };
		AMF022 /* AppTheme.swift */ = {isa = PBXFileReference; lastKnownFileType = sourcecode.swift; path = AppTheme.swift; sourceTree = "<group>"; };
		AMF023 /* AgentProcessManager.swift */ = {isa = PBXFileReference; lastKnownFileType = sourcecode.swift; path = AgentProcessManager.swift; sourceTree = "<group>"; };
		AMF024 /* TerminalBridge.swift */ = {isa = PBXFileReference; lastKnownFileType = sourcecode.swift; path = TerminalBridge.swift; sourceTree = "<group>"; };
		AMF025 /* TerminalView.swift */ = {isa = PBXFileReference; lastKnownFileType = sourcecode.swift; path = TerminalView.swift; sourceTree = "<group>"; };
		AMF026 /* NewSessionSheet.swift */ = {isa = PBXFileReference; lastKnownFileType = sourcecode.swift; path = NewSessionSheet.swift; sourceTree = "<group>"; };
		AMF027 /* TerminalThemes.swift */ = {isa = PBXFileReference; lastKnownFileType = sourcecode.swift; path = TerminalThemes.swift; sourceTree = "<group>"; };
		AMF028 /* TerminalSettingsView.swift */ = {isa = PBXFileReference; lastKnownFileType = sourcecode.swift; path = TerminalSettingsView.swift; sourceTree = "<group>"; };
		AMF029 /* Fonts */ = {isa = PBXFileReference; lastKnownFileType = folder; path = Fonts; sourceTree = "<group>"; };
		AMF030 /* Info.plist */ = {isa = PBXFileReference; lastKnownFileType = text.plist.xml; path = Info.plist; sourceTree = "<group>"; };
		AMF031 /* AppEnvironment.swift */ = {isa = PBXFileReference; lastKnownFileType = sourcecode.swift; path = AppEnvironment.swift; sourceTree = "<group>"; };
		AMF032 /* AppDelegate.swift */ = {isa = PBXFileReference; lastKnownFileType = sourcecode.swift; path = AppDelegate.swift; sourceTree = "<group>"; };
		AMF033 /* StatusItemController.swift */ = {isa = PBXFileReference; lastKnownFileType = sourcecode.swift; path = StatusItemController.swift; sourceTree = "<group>"; };
		AMTF001 /* SessionStoreTests.swift */ = {isa = PBXFileReference; lastKnownFileType = sourcecode.swift; path = SessionStoreTests.swift; sourceTree = "<group>"; };
		AMTF002 /* AgentsMonitorTests.xctest */ = {isa = PBXFileReference; explicitFileType = wrapper.cfbundle; includeInIndex = 0; path = AgentsMonitorTests.xctest; sourceTree = BUILT_PRODUCTS_DIR; };
		AMTF003 /* AgentsMonitorMenuBarTests.swift */ = {isa = PBXFileReference; lastKnownFileType = sourcecode.swift; path = AgentsMonitorMenuBarTests.swift; sourceTree = "<group>"; };
		AMTF004 /* AgentsMonitorUITests.xctest */ = {isa = PBXFileReference; explicitFileType = wrapper.cfbundle; includeInIndex = 0; path = AgentsMonitorUITests.xctest; sourceTree = BUILT_PRODUCTS_DIR; };
/* End PBXFileReference section */

/* Begin PBXFrameworksBuildPhase section */
		AMP004 /* Frameworks */ = {
			isa = PBXFrameworksBuildPhase;
			buildActionMask = 2147483647;
			files = (
				AMPKG001 /* SwiftTerm in Frameworks */,
			);
			runOnlyForDeploymentPostprocessing = 0;
		};
/* End PBXFrameworksBuildPhase section */

/* Begin PBXGroup section */
		AMG001 = {
			isa = PBXGroup;
			children = (
				AMG002 /* AgentsMonitor */,
				AMTG001 /* ../AgentsMonitorTests */,
				AMTG002 /* ../AgentsMonitorUITests */,
				AMG003 /* Products */,
				00C61DEC2F33475B003FE5C1 /* AppTheme.swift */,
				00C61DF32F3347B7003FE5C1 /* TerminalThemes.swift */,
				00C61DF42F3347E8003FE5C1 /* AgentProcessManager.swift */,
				00C61DF52F334835003FE5C1 /* BUILD_FIXES.md */,
				00C61DF62F335A4F003FE5C1 /* SessionDebugView.swift */,
				00C61DF72F335A7E003FE5C1 /* SESSION_LOADING_FIX.md */,
				00C61DF82F336864003FE5C1 /* BUILD_VERIFICATION.md */,
				00C61DF92F3368A1003FE5C1 /* COMPLETE_BUILD_REPORT.md */,
				00C61DFA2F33A3D6003FE5C1 /* SESSION_DECODING_FIX.md */,
			);
			sourceTree = "<group>";
		};
		AMG002 /* AgentsMonitor */ = {
			isa = PBXGroup;
			children = (
				AMF030 /* Info.plist */,
				AMG004 /* App */,
				AMG005 /* Models */,
				AMG006 /* Views */,
				AMG007 /* ViewModels */,
				AMG008 /* Services */,
				AMG009 /* Components */,
				AMG010 /* Resources */,
				AMG016 /* Theme */,
			);
			name = AgentsMonitor;
			sourceTree = "<group>";
		};
		AMG003 /* Products */ = {
			isa = PBXGroup;
			children = (
				AMF019 /* AgentsMonitor.app */,
				AMTF002 /* AgentsMonitorTests.xctest */,
				AMTF004 /* AgentsMonitorUITests.xctest */,
			);
			name = Products;
			sourceTree = "<group>";
		};
		AMG004 /* App */ = {
			isa = PBXGroup;
			children = (
				AMF001 /* AgentsMonitorApp.swift */,
				AMF032 /* AppDelegate.swift */,
				AMF033 /* StatusItemController.swift */,
			);
			path = App;
			sourceTree = "<group>";
		};
		AMG005 /* Models */ = {
			isa = PBXGroup;
			children = (
				AMF003 /* Session.swift */,
				AMF004 /* Message.swift */,
				AMF005 /* ToolCall.swift */,
				AMF006 /* AppState.swift */,
				AMF031 /* AppEnvironment.swift */,
			);
			path = Models;
			sourceTree = "<group>";
		};
		AMG006 /* Views */ = {
			isa = PBXGroup;
			children = (
				AMG011 /* MainWindow */,
				AMG012 /* SessionList */,
				AMG013 /* SessionDetail */,
				AMG014 /* ToolCalls */,
				AMG015 /* Settings */,
			);
			path = Views;
			sourceTree = "<group>";
		};
		AMG007 /* ViewModels */ = {
			isa = PBXGroup;
			children = (
				AMF007 /* SessionStore.swift */,
			);
			path = ViewModels;
			sourceTree = "<group>";
		};
		AMG008 /* Services */ = {
			isa = PBXGroup;
			children = (
				AMF023 /* AgentProcessManager.swift */,
				AMF024 /* TerminalBridge.swift */,
				AMF008 /* AgentService.swift */,
				AMF020 /* SessionPersistence.swift */,
				AMF021 /* Logger.swift */,
			);
			path = Services;
			sourceTree = "<group>";
		};
		AMG009 /* Components */ = {
			isa = PBXGroup;
			children = (
				AMF016 /* StatusBadge.swift */,
			);
			path = Components;
			sourceTree = "<group>";
		};
		AMG010 /* Resources */ = {
			isa = PBXGroup;
			children = (
				AMF018 /* Assets.xcassets */,
				AMF029 /* Fonts */,
			);
			path = Resources;
			sourceTree = "<group>";
		};
		AMG011 /* MainWindow */ = {
			isa = PBXGroup;
			children = (
				AMF002 /* ContentView.swift */,
				AMF015 /* MenuBarView.swift */,
			);
			path = MainWindow;
			sourceTree = "<group>";
		};
		AMG012 /* SessionList */ = {
			isa = PBXGroup;
			children = (
				AMF026 /* NewSessionSheet.swift */,
				AMF009 /* SessionListView.swift */,
			);
			path = SessionList;
			sourceTree = "<group>";
		};
		AMG013 /* SessionDetail */ = {
			isa = PBXGroup;
			children = (
				AMF025 /* TerminalView.swift */,
				AMF010 /* SessionDetailView.swift */,
				AMF013 /* MetricsView.swift */,
			);
			path = SessionDetail;
			sourceTree = "<group>";
		};
		AMG014 /* ToolCalls */ = {
			isa = PBXGroup;
			children = (
				AMF012 /* ToolCallsView.swift */,
			);
			path = ToolCalls;
			sourceTree = "<group>";
		};
		AMG015 /* Settings */ = {
			isa = PBXGroup;
			children = (
				AMF014 /* SettingsView.swift */,
				AMF028 /* TerminalSettingsView.swift */,
			);
			path = Settings;
			sourceTree = "<group>";
		};
		AMG016 /* Theme */ = {
			isa = PBXGroup;
			children = (
				AMF022 /* AppTheme.swift */,
				AMF027 /* TerminalThemes.swift */,
			);
			path = Theme;
			sourceTree = "<group>";
		};
		AMTG001 /* ../AgentsMonitorTests */ = {
			isa = PBXGroup;
			children = (
				AMTF001 /* SessionStoreTests.swift */,
			);
			path = ../AgentsMonitorTests;
			sourceTree = "<group>";
		};
		AMTG002 /* ../AgentsMonitorUITests */ = {
			isa = PBXGroup;
			children = (
				AMTF003 /* AgentsMonitorMenuBarTests.swift */,
			);
			path = ../AgentsMonitorUITests;
			sourceTree = "<group>";
		};
/* End PBXGroup section */

/* Begin PBXNativeTarget section */
		AMT001 /* AgentsMonitor */ = {
			isa = PBXNativeTarget;
			buildConfigurationList = AMCL001 /* Build configuration list for PBXNativeTarget "AgentsMonitor" */;
			buildPhases = (
				AMP001 /* Sources */,
				AMP004 /* Frameworks */,
				AMP002 /* Resources */,
			);
			buildRules = (
			);
			dependencies = (
			);
			name = AgentsMonitor;
			packageProductDependencies = (
				AMPKGREF001 /* SwiftTerm */,
			);
			productName = AgentsMonitor;
			productReference = AMF019 /* AgentsMonitor.app */;
			productType = "com.apple.product-type.application";
		};
		AMT002 /* AgentsMonitorTests */ = {
			isa = PBXNativeTarget;
			buildConfigurationList = AMCL003 /* Build configuration list for PBXNativeTarget "AgentsMonitorTests" */;
			buildPhases = (
				AMP003 /* Sources */,
			);
			buildRules = (
			);
			dependencies = (
				AMTD001 /* PBXTargetDependency */,
			);
			name = AgentsMonitorTests;
			productName = AgentsMonitorTests;
			productReference = AMTF002 /* AgentsMonitorTests.xctest */;
			productType = "com.apple.product-type.bundle.unit-test";
		};
		AMT003 /* AgentsMonitorUITests */ = {
			isa = PBXNativeTarget;
			buildConfigurationList = AMCL004 /* Build configuration list for PBXNativeTarget "AgentsMonitorUITests" */;
			buildPhases = (
				AMP005 /* Sources */,
			);
			buildRules = (
			);
			dependencies = (
				AMTD002 /* PBXTargetDependency */,
			);
			name = AgentsMonitorUITests;
			productName = AgentsMonitorUITests;
			productReference = AMTF004 /* AgentsMonitorUITests.xctest */;
			productType = "com.apple.product-type.bundle.ui-testing";
		};
/* End PBXNativeTarget section */

/* Begin PBXProject section */
		AMPROJ /* Project object */ = {
			isa = PBXProject;
			attributes = {
				BuildIndependentTargetsInParallel = 1;
				LastSwiftUpdateCheck = 1500;
				LastUpgradeCheck = 2620;
			};
			buildConfigurationList = AMCL002 /* Build configuration list for PBXProject "AgentsMonitor" */;
			compatibilityVersion = "Xcode 14.0";
			developmentRegion = en;
			hasScannedForEncodings = 0;
			knownRegions = (
				en,
				Base,
			);
			mainGroup = AMG001;
			packageReferences = (
				AMSPMPKG001 /* XCRemoteSwiftPackageReference "SwiftTerm" */,
			);
			productRefGroup = AMG003 /* Products */;
			projectDirPath = "";
			projectRoot = "";
			targets = (
				AMT001 /* AgentsMonitor */,
				AMT002 /* AgentsMonitorTests */,
				AMT003 /* AgentsMonitorUITests */,
			);
		};
/* End PBXProject section */

/* Begin PBXResourcesBuildPhase section */
		AMP002 /* Resources */ = {
			isa = PBXResourcesBuildPhase;
			buildActionMask = 2147483647;
			files = (
				AM018 /* Assets.xcassets in Resources */,
				AM028 /* Fonts in Resources */,
			);
			runOnlyForDeploymentPostprocessing = 0;
		};
/* End PBXResourcesBuildPhase section */

/* Begin PBXSourcesBuildPhase section */
		AMP001 /* Sources */ = {
			isa = PBXSourcesBuildPhase;
			buildActionMask = 2147483647;
			files = (
				AM001 /* AgentsMonitorApp.swift in Sources */,
				AM031 /* AppDelegate.swift in Sources */,
				AM033 /* StatusItemController.swift in Sources */,
				AM002 /* ContentView.swift in Sources */,
				AM003 /* Session.swift in Sources */,
				AM004 /* Message.swift in Sources */,
				AM005 /* ToolCall.swift in Sources */,
				AM006 /* AppState.swift in Sources */,
				AM029 /* AppEnvironment.swift in Sources */,
				AM007 /* SessionStore.swift in Sources */,
				AM008 /* AgentService.swift in Sources */,
				AM009 /* SessionListView.swift in Sources */,
				AM010 /* SessionDetailView.swift in Sources */,
				AM012 /* ToolCallsView.swift in Sources */,
				AM013 /* MetricsView.swift in Sources */,
				AM014 /* SettingsView.swift in Sources */,
				AM015 /* MenuBarView.swift in Sources */,
				AM016 /* StatusBadge.swift in Sources */,
				AM019 /* SessionPersistence.swift in Sources */,
				AM020 /* Logger.swift in Sources */,
				AM021 /* AppTheme.swift in Sources */,
				AM022 /* AgentProcessManager.swift in Sources */,
				AM023 /* TerminalBridge.swift in Sources */,
				AM024 /* TerminalView.swift in Sources */,
				AM025 /* NewSessionSheet.swift in Sources */,
				AM026 /* TerminalThemes.swift in Sources */,
				AM027 /* TerminalSettingsView.swift in Sources */,
				AM030 /* SessionDebugView.swift in Sources */,
			);
			runOnlyForDeploymentPostprocessing = 0;
		};
		AMP003 /* Sources */ = {
			isa = PBXSourcesBuildPhase;
			buildActionMask = 2147483647;
			files = (
				AMTB001 /* SessionStoreTests.swift in Sources */,
			);
			runOnlyForDeploymentPostprocessing = 0;
		};
		AMP005 /* Sources */ = {
			isa = PBXSourcesBuildPhase;
			buildActionMask = 2147483647;
			files = (
				AMTB002 /* AgentsMonitorMenuBarTests.swift in Sources */,
			);
			runOnlyForDeploymentPostprocessing = 0;
		};
/* End PBXSourcesBuildPhase section */

/* Begin PBXTargetDependency section */
		AMTD001 /* PBXTargetDependency */ = {
			isa = PBXTargetDependency;
			target = AMT001 /* AgentsMonitor */;
			targetProxy = AMCIP001 /* PBXContainerItemProxy */;
		};
		AMTD002 /* PBXTargetDependency */ = {
			isa = PBXTargetDependency;
			target = AMT001 /* AgentsMonitor */;
			targetProxy = AMCIP002 /* PBXContainerItemProxy */;
		};
/* End PBXTargetDependency section */

/* Begin XCBuildConfiguration section */
		AMBC001 /* Debug */ = {
			isa = XCBuildConfiguration;
			buildSettings = {
				ASSETCATALOG_COMPILER_APPICON_NAME = AppIcon;
				CODE_SIGN_STYLE = Automatic;
				CURRENT_PROJECT_VERSION = 1;
				DEAD_CODE_STRIPPING = YES;
				DEVELOPMENT_ASSET_PATHS = "";
				ENABLE_APP_SANDBOX = NO;
				ENABLE_OUTGOING_NETWORK_CONNECTIONS = YES;
				ENABLE_PREVIEWS = YES;
				ENABLE_USER_SELECTED_FILES = readwrite;
				GENERATE_INFOPLIST_FILE = YES;
				INFOPLIST_FILE = Info.plist;
				INFOPLIST_KEY_LSApplicationCategoryType = "public.app-category.developer-tools";
				INFOPLIST_KEY_NSHumanReadableCopyright = "";
				LD_RUNPATH_SEARCH_PATHS = (
					"$(inherited)",
					"@executable_path/../Frameworks",
				);
				MACOSX_DEPLOYMENT_TARGET = 14.0;
				MARKETING_VERSION = 1.0;
				PRODUCT_BUNDLE_IDENTIFIER = com.agentsmonitor.app;
				PRODUCT_NAME = "$(TARGET_NAME)";
				SWIFT_EMIT_LOC_STRINGS = YES;
				SWIFT_VERSION = 5.9;
			};
			name = Debug;
		};
		AMBC002 /* Release */ = {
			isa = XCBuildConfiguration;
			buildSettings = {
				ASSETCATALOG_COMPILER_APPICON_NAME = AppIcon;
				CODE_SIGN_STYLE = Automatic;
				CURRENT_PROJECT_VERSION = 1;
				DEAD_CODE_STRIPPING = YES;
				DEVELOPMENT_ASSET_PATHS = "";
				ENABLE_APP_SANDBOX = NO;
				ENABLE_OUTGOING_NETWORK_CONNECTIONS = YES;
				ENABLE_PREVIEWS = YES;
				ENABLE_USER_SELECTED_FILES = readwrite;
				GENERATE_INFOPLIST_FILE = YES;
				INFOPLIST_FILE = Info.plist;
				INFOPLIST_KEY_LSApplicationCategoryType = "public.app-category.developer-tools";
				INFOPLIST_KEY_NSHumanReadableCopyright = "";
				LD_RUNPATH_SEARCH_PATHS = (
					"$(inherited)",
					"@executable_path/../Frameworks",
				);
				MACOSX_DEPLOYMENT_TARGET = 14.0;
				MARKETING_VERSION = 1.0;
				PRODUCT_BUNDLE_IDENTIFIER = com.agentsmonitor.app;
				PRODUCT_NAME = "$(TARGET_NAME)";
				SWIFT_EMIT_LOC_STRINGS = YES;
				SWIFT_VERSION = 5.9;
			};
			name = Release;
		};
		AMBC003 /* Debug */ = {
			isa = XCBuildConfiguration;
			buildSettings = {
				ALWAYS_SEARCH_USER_PATHS = NO;
				CLANG_ANALYZER_NONNULL = YES;
				CLANG_ANALYZER_NUMBER_OBJECT_CONVERSION = YES_AGGRESSIVE;
				CLANG_CXX_LANGUAGE_STANDARD = "gnu++20";
				CLANG_ENABLE_MODULES = YES;
				CLANG_ENABLE_OBJC_ARC = YES;
				CLANG_ENABLE_OBJC_WEAK = YES;
				CLANG_WARN_BLOCK_CAPTURE_AUTORELEASING = YES;
				CLANG_WARN_BOOL_CONVERSION = YES;
				CLANG_WARN_COMMA = YES;
				CLANG_WARN_CONSTANT_CONVERSION = YES;
				CLANG_WARN_DEPRECATED_OBJC_IMPLEMENTATIONS = YES;
				CLANG_WARN_DIRECT_OBJC_ISA_USAGE = YES_ERROR;
				CLANG_WARN_DOCUMENTATION_COMMENTS = YES;
				CLANG_WARN_EMPTY_BODY = YES;
				CLANG_WARN_ENUM_CONVERSION = YES;
				CLANG_WARN_INFINITE_RECURSION = YES;
				CLANG_WARN_INT_CONVERSION = YES;
				CLANG_WARN_NON_LITERAL_NULL_CONVERSION = YES;
				CLANG_WARN_OBJC_IMPLICIT_RETAIN_SELF = YES;
				CLANG_WARN_OBJC_LITERAL_CONVERSION = YES;
				CLANG_WARN_OBJC_ROOT_CLASS = YES_ERROR;
				CLANG_WARN_QUOTED_INCLUDE_IN_FRAMEWORK_HEADER = YES;
				CLANG_WARN_RANGE_LOOP_ANALYSIS = YES;
				CLANG_WARN_STRICT_PROTOTYPES = YES;
				CLANG_WARN_SUSPICIOUS_MOVE = YES;
				CLANG_WARN_UNGUARDED_AVAILABILITY = YES_AGGRESSIVE;
				CLANG_WARN_UNREACHABLE_CODE = YES;
				CLANG_WARN__DUPLICATE_METHOD_MATCH = YES;
				COPY_PHASE_STRIP = NO;
				DEAD_CODE_STRIPPING = YES;
				DEBUG_INFORMATION_FORMAT = dwarf;
				ENABLE_STRICT_OBJC_MSGSEND = YES;
				ENABLE_TESTABILITY = YES;
				ENABLE_USER_SCRIPT_SANDBOXING = YES;
				GCC_C_LANGUAGE_STANDARD = gnu11;
				GCC_DYNAMIC_NO_PIC = NO;
				GCC_NO_COMMON_BLOCKS = YES;
				GCC_OPTIMIZATION_LEVEL = 0;
				GCC_PREPROCESSOR_DEFINITIONS = (
					"DEBUG=1",
					"$(inherited)",
				);
				GCC_WARN_64_TO_32_BIT_CONVERSION = YES;
				GCC_WARN_ABOUT_RETURN_TYPE = YES_ERROR;
				GCC_WARN_UNDECLARED_SELECTOR = YES;
				GCC_WARN_UNINITIALIZED_AUTOS = YES_AGGRESSIVE;
				GCC_WARN_UNUSED_FUNCTION = YES;
				GCC_WARN_UNUSED_VARIABLE = YES;
				MACOSX_DEPLOYMENT_TARGET = 14.0;
				MTL_ENABLE_DEBUG_INFO = INCLUDE_SOURCE;
				MTL_FAST_MATH = YES;
				ONLY_ACTIVE_ARCH = YES;
				SDKROOT = macosx;
				STRING_CATALOG_GENERATE_SYMBOLS = YES;
				SWIFT_ACTIVE_COMPILATION_CONDITIONS = DEBUG;
				SWIFT_OPTIMIZATION_LEVEL = "-Onone";
			};
			name = Debug;
		};
		AMBC004 /* Release */ = {
			isa = XCBuildConfiguration;
			buildSettings = {
				ALWAYS_SEARCH_USER_PATHS = NO;
				CLANG_ANALYZER_NONNULL = YES;
				CLANG_ANALYZER_NUMBER_OBJECT_CONVERSION = YES_AGGRESSIVE;
				CLANG_CXX_LANGUAGE_STANDARD = "gnu++20";
				CLANG_ENABLE_MODULES = YES;
				CLANG_ENABLE_OBJC_ARC = YES;
				CLANG_ENABLE_OBJC_WEAK = YES;
				CLANG_WARN_BLOCK_CAPTURE_AUTORELEASING = YES;
				CLANG_WARN_BOOL_CONVERSION = YES;
				CLANG_WARN_COMMA = YES;
				CLANG_WARN_CONSTANT_CONVERSION = YES;
				CLANG_WARN_DEPRECATED_OBJC_IMPLEMENTATIONS = YES;
				CLANG_WARN_DIRECT_OBJC_ISA_USAGE = YES_ERROR;
				CLANG_WARN_DOCUMENTATION_COMMENTS = YES;
				CLANG_WARN_EMPTY_BODY = YES;
				CLANG_WARN_ENUM_CONVERSION = YES;
				CLANG_WARN_INFINITE_RECURSION = YES;
				CLANG_WARN_INT_CONVERSION = YES;
				CLANG_WARN_NON_LITERAL_NULL_CONVERSION = YES;
				CLANG_WARN_OBJC_IMPLICIT_RETAIN_SELF = YES;
				CLANG_WARN_OBJC_LITERAL_CONVERSION = YES;
				CLANG_WARN_OBJC_ROOT_CLASS = YES_ERROR;
				CLANG_WARN_QUOTED_INCLUDE_IN_FRAMEWORK_HEADER = YES;
				CLANG_WARN_RANGE_LOOP_ANALYSIS = YES;
				CLANG_WARN_STRICT_PROTOTYPES = YES;
				CLANG_WARN_SUSPICIOUS_MOVE = YES;
				CLANG_WARN_UNGUARDED_AVAILABILITY = YES_AGGRESSIVE;
				CLANG_WARN_UNREACHABLE_CODE = YES;
				CLANG_WARN__DUPLICATE_METHOD_MATCH = YES;
				COPY_PHASE_STRIP = NO;
				DEAD_CODE_STRIPPING = YES;
				DEBUG_INFORMATION_FORMAT = "dwarf-with-dsym";
				ENABLE_NS_ASSERTIONS = NO;
				ENABLE_STRICT_OBJC_MSGSEND = YES;
				ENABLE_USER_SCRIPT_SANDBOXING = YES;
				GCC_C_LANGUAGE_STANDARD = gnu11;
				GCC_NO_COMMON_BLOCKS = YES;
				GCC_WARN_64_TO_32_BIT_CONVERSION = YES;
				GCC_WARN_ABOUT_RETURN_TYPE = YES_ERROR;
				GCC_WARN_UNDECLARED_SELECTOR = YES;
				GCC_WARN_UNINITIALIZED_AUTOS = YES_AGGRESSIVE;
				GCC_WARN_UNUSED_FUNCTION = YES;
				GCC_WARN_UNUSED_VARIABLE = YES;
				MACOSX_DEPLOYMENT_TARGET = 14.0;
				MTL_ENABLE_DEBUG_INFO = NO;
				MTL_FAST_MATH = YES;
				SDKROOT = macosx;
				STRING_CATALOG_GENERATE_SYMBOLS = YES;
				SWIFT_COMPILATION_MODE = wholemodule;
				SWIFT_OPTIMIZATION_LEVEL = "-O";
			};
			name = Release;
		};
		AMTBC001 /* Debug */ = {
			isa = XCBuildConfiguration;
			buildSettings = {
				BUNDLE_LOADER = "$(TEST_HOST)";
				CODE_SIGN_STYLE = Automatic;
				CURRENT_PROJECT_VERSION = 1;
				DEAD_CODE_STRIPPING = YES;
				GENERATE_INFOPLIST_FILE = YES;
				MACOSX_DEPLOYMENT_TARGET = 14.0;
				MARKETING_VERSION = 1.0;
				PRODUCT_BUNDLE_IDENTIFIER = com.agentsmonitor.tests;
				PRODUCT_NAME = "$(TARGET_NAME)";
				SWIFT_EMIT_LOC_STRINGS = NO;
				SWIFT_VERSION = 5.9;
				TEST_HOST = "$(BUILT_PRODUCTS_DIR)/AgentsMonitor.app/$(BUNDLE_EXECUTABLE_FOLDER_PATH)/AgentsMonitor";
			};
			name = Debug;
		};
		AMTBC002 /* Release */ = {
			isa = XCBuildConfiguration;
			buildSettings = {
				BUNDLE_LOADER = "$(TEST_HOST)";
				CODE_SIGN_STYLE = Automatic;
				CURRENT_PROJECT_VERSION = 1;
				DEAD_CODE_STRIPPING = YES;
				GENERATE_INFOPLIST_FILE = YES;
				MACOSX_DEPLOYMENT_TARGET = 14.0;
				MARKETING_VERSION = 1.0;
				PRODUCT_BUNDLE_IDENTIFIER = com.agentsmonitor.tests;
				PRODUCT_NAME = "$(TARGET_NAME)";
				SWIFT_EMIT_LOC_STRINGS = NO;
				SWIFT_VERSION = 5.9;
				TEST_HOST = "$(BUILT_PRODUCTS_DIR)/AgentsMonitor.app/$(BUNDLE_EXECUTABLE_FOLDER_PATH)/AgentsMonitor";
			};
			name = Release;
		};
		AMTBC003 /* Debug */ = {
			isa = XCBuildConfiguration;
			buildSettings = {
				CODE_SIGN_STYLE = Automatic;
				CURRENT_PROJECT_VERSION = 1;
				DEAD_CODE_STRIPPING = YES;
				GENERATE_INFOPLIST_FILE = YES;
				MACOSX_DEPLOYMENT_TARGET = 14.0;
				MARKETING_VERSION = 1.0;
				PRODUCT_BUNDLE_IDENTIFIER = com.agentsmonitor.uitests;
				PRODUCT_NAME = "$(TARGET_NAME)";
				SWIFT_EMIT_LOC_STRINGS = NO;
				SWIFT_VERSION = 5.9;
				TEST_TARGET_NAME = AgentsMonitor;
			};
			name = Debug;
		};
		AMTBC004 /* Release */ = {
			isa = XCBuildConfiguration;
			buildSettings = {
				CODE_SIGN_STYLE = Automatic;
				CURRENT_PROJECT_VERSION = 1;
				DEAD_CODE_STRIPPING = YES;
				GENERATE_INFOPLIST_FILE = YES;
				MACOSX_DEPLOYMENT_TARGET = 14.0;
				MARKETING_VERSION = 1.0;
				PRODUCT_BUNDLE_IDENTIFIER = com.agentsmonitor.uitests;
				PRODUCT_NAME = "$(TARGET_NAME)";
				SWIFT_EMIT_LOC_STRINGS = NO;
				SWIFT_VERSION = 5.9;
				TEST_TARGET_NAME = AgentsMonitor;
			};
			name = Release;
		};
/* End XCBuildConfiguration section */

/* Begin XCConfigurationList section */
		AMCL001 /* Build configuration list for PBXNativeTarget "AgentsMonitor" */ = {
			isa = XCConfigurationList;
			buildConfigurations = (
				AMBC001 /* Debug */,
				AMBC002 /* Release */,
			);
			defaultConfigurationIsVisible = 0;
			defaultConfigurationName = Release;
		};
		AMCL002 /* Build configuration list for PBXProject "AgentsMonitor" */ = {
			isa = XCConfigurationList;
			buildConfigurations = (
				AMBC003 /* Debug */,
				AMBC004 /* Release */,
			);
			defaultConfigurationIsVisible = 0;
			defaultConfigurationName = Release;
		};
		AMCL003 /* Build configuration list for PBXNativeTarget "AgentsMonitorTests" */ = {
			isa = XCConfigurationList;
			buildConfigurations = (
				AMTBC001 /* Debug */,
				AMTBC002 /* Release */,
			);
			defaultConfigurationIsVisible = 0;
			defaultConfigurationName = Release;
		};
		AMCL004 /* Build configuration list for PBXNativeTarget "AgentsMonitorUITests" */ = {
			isa = XCConfigurationList;
			buildConfigurations = (
				AMTBC003 /* Debug */,
				AMTBC004 /* Release */,
			);
			defaultConfigurationIsVisible = 0;
			defaultConfigurationName = Release;
		};
/* End XCConfigurationList section */

/* Begin XCRemoteSwiftPackageReference section */
		AMSPMPKG001 /* XCRemoteSwiftPackageReference "SwiftTerm" */ = {
			isa = XCRemoteSwiftPackageReference;
			repositoryURL = "https://github.com/migueldeicaza/SwiftTerm";
			requirement = {
				kind = upToNextMajorVersion;
				minimumVersion = 1.2.0;
			};
		};
/* End XCRemoteSwiftPackageReference section */

/* Begin XCSwiftPackageProductDependency section */
		AMPKGREF001 /* SwiftTerm */ = {
			isa = XCSwiftPackageProductDependency;
			package = AMSPMPKG001 /* XCRemoteSwiftPackageReference "SwiftTerm" */;
			productName = SwiftTerm;
		};
/* End XCSwiftPackageProductDependency section */
	};
	rootObject = AMPROJ /* Project object */;
}
